
Microsoft Visual Studio Solution File, Format Version 12.00
# Visual Studio 15
VisualStudioVersion = 15.0.27004.2010
MinimumVisualStudioVersion = 10.0.40219.1
Project("{FAE04EC0-301F-11D3-BF4B-00C04F79EFBC}") = "Mutineer", "Mutineer\Mutineer.csproj", "{5901F85E-7D81-4364-A756-D9E5E834C720}"
EndProject
Project("{FAE04EC0-301F-11D3-BF4B-00C04F79EFBC}") = "Mutagenesis", "Mutagenesis\Mutagenesis.csproj", "{A86C7740-6CB8-488B-82A9-F385A2DBF88B}"
EndProject
Project("{FAE04EC0-301F-11D3-BF4B-00C04F79EFBC}") = "MutationalProfiling", "MutationalProfiling\MutationalProfiling.csproj", "{8261340C-10FE-4727-BACE-BEFC3ED43510}"
EndProject
Global
	GlobalSection(SolutionConfigurationPlatforms) = preSolution
		Debug|Any CPU = Debug|Any CPU
		Release|Any CPU = Release|Any CPU
	EndGlobalSection
	GlobalSection(ProjectConfigurationPlatforms) = postSolution
		{5901F85E-7D81-4364-A756-D9E5E834C720}.Debug|Any CPU.ActiveCfg = Debug|Any CPU
		{5901F85E-7D81-4364-A756-D9E5E834C720}.Debug|Any CPU.Build.0 = Debug|Any CPU
		{5901F85E-7D81-4364-A756-D9E5E834C720}.Release|Any CPU.ActiveCfg = Release|Any CPU
		{5901F85E-7D81-4364-A756-D9E5E834C720}.Release|Any CPU.Build.0 = Release|Any CPU
		{A86C7740-6CB8-488B-82A9-F385A2DBF88B}.Debug|Any CPU.ActiveCfg = Debug|Any CPU
		{A86C7740-6CB8-488B-82A9-F385A2DBF88B}.Debug|Any CPU.Build.0 = Debug|Any CPU
		{A86C7740-6CB8-488B-82A9-F385A2DBF88B}.Release|Any CPU.ActiveCfg = Release|Any CPU
		{A86C7740-6CB8-488B-82A9-F385A2DBF88B}.Release|Any CPU.Build.0 = Release|Any CPU
		{8261340C-10FE-4727-BACE-BEFC3ED43510}.Debug|Any CPU.ActiveCfg = Debug|Any CPU
		{8261340C-10FE-4727-BACE-BEFC3ED43510}.Debug|Any CPU.Build.0 = Debug|Any CPU
		{8261340C-10FE-4727-BACE-BEFC3ED43510}.Release|Any CPU.ActiveCfg = Release|Any CPU
		{8261340C-10FE-4727-BACE-BEFC3ED43510}.Release|Any CPU.Build.0 = Release|Any CPU
	EndGlobalSection
	GlobalSection(SolutionProperties) = preSolution
		HideSolutionNode = FALSE
	EndGlobalSection
	GlobalSection(ExtensibilityGlobals) = postSolution
		SolutionGuid = {ADD748DA-745E-48D9-8C83-8828BE5F1A4A}
	EndGlobalSection
EndGlobal
